
Microsoft Visual Studio Solution File, Format Version 12.00
# Visual Studio 15
VisualStudioVersion = 15.0.28307.421
MinimumVisualStudioVersion = 10.0.40219.1
Project("{8BC9CEB8-8B4A-11D0-8D11-00A0C91BC942}") = "MessagePackSample", "MessagePackSample\MessagePackSample.vcxproj", "{BB0F9F8A-CEC8-41B8-BA5F-F58706DBC064}"
EndProject
Project("{8BC9CEB8-8B4A-11D0-8D11-00A0C91BC942}") = "MessagePackSample2", "MessagePackSample2\MessagePackSample2.vcxproj", "{CE7653F2-422F-41D5-B86F-886E2AF4C7D4}"
EndProject
Global
	GlobalSection(SolutionConfigurationPlatforms) = preSolution
		Debug|x64 = Debug|x64
		Debug|x86 = Debug|x86
		Release|x64 = Release|x64
		Release|x86 = Release|x86
	EndGlobalSection
	GlobalSection(ProjectConfigurationPlatforms) = postSolution
		{BB0F9F8A-CEC8-41B8-BA5F-F58706DBC064}.Debug|x64.ActiveCfg = Debug|x64
		{BB0F9F8A-CEC8-41B8-BA5F-F58706DBC064}.Debug|x64.Build.0 = Debug|x64
		{BB0F9F8A-CEC8-41B8-BA5F-F58706DBC064}.Debug|x86.ActiveCfg = Debug|Win32
		{BB0F9F8A-CEC8-41B8-BA5F-F58706DBC064}.Debug|x86.Build.0 = Debug|Win32
		{BB0F9F8A-CEC8-41B8-BA5F-F58706DBC064}.Release|x64.ActiveCfg = Release|x64
		{BB0F9F8A-CEC8-41B8-BA5F-F58706DBC064}.Release|x64.Build.0 = Release|x64
		{BB0F9F8A-CEC8-41B8-BA5F-F58706DBC064}.Release|x86.ActiveCfg = Release|Win32
		{BB0F9F8A-CEC8-41B8-BA5F-F58706DBC064}.Release|x86.Build.0 = Release|Win32
		{CE7653F2-422F-41D5-B86F-886E2AF4C7D4}.Debug|x64.ActiveCfg = Debug|x64
		{CE7653F2-422F-41D5-B86F-886E2AF4C7D4}.Debug|x64.Build.0 = Debug|x64
		{CE7653F2-422F-41D5-B86F-886E2AF4C7D4}.Debug|x86.ActiveCfg = Debug|Win32
		{CE7653F2-422F-41D5-B86F-886E2AF4C7D4}.Debug|x86.Build.0 = Debug|Win32
		{CE7653F2-422F-41D5-B86F-886E2AF4C7D4}.Release|x64.ActiveCfg = Release|x64
		{CE7653F2-422F-41D5-B86F-886E2AF4C7D4}.Release|x64.Build.0 = Release|x64
		{CE7653F2-422F-41D5-B86F-886E2AF4C7D4}.Release|x86.ActiveCfg = Release|Win32
		{CE7653F2-422F-41D5-B86F-886E2AF4C7D4}.Release|x86.Build.0 = Release|Win32
	EndGlobalSection
	GlobalSection(SolutionProperties) = preSolution
		HideSolutionNode = FALSE
	EndGlobalSection
	GlobalSection(ExtensibilityGlobals) = postSolution
		SolutionGuid = {C6B8EDBB-B87E-45A0-A340-362DD145F06B}
	EndGlobalSection
EndGlobal
