
Microsoft Visual Studio Solution File, Format Version 12.00
# Visual Studio 15
VisualStudioVersion = 15.0.27703.2026
MinimumVisualStudioVersion = 10.0.40219.1
Project("{8BC9CEB8-8B4A-11D0-8D11-00A0C91BC942}") = "ReversePolishNotation", "ReversePolishNotation\ReversePolishNotation.vcxproj", "{AFD4CDEB-0AB7-4BF4-8AF2-BFFB09308CD2}"
EndProject
Project("{8BC9CEB8-8B4A-11D0-8D11-00A0C91BC942}") = "Tokenizer", "Tokenizer\Tokenizer.vcxproj", "{D2826DCA-63F5-47CC-932E-E385A62524D1}"
EndProject
Project("{2150E333-8FDC-42A3-9474-1A3956D46DE8}") = "IZMLIB", "IZMLIB", "{1F27DFC1-0B2B-49E0-9EEC-B8E1FADD41ED}"
EndProject
Project("{8BC9CEB8-8B4A-11D0-8D11-00A0C91BC942}") = "IZMLIB", "..\IZMLIB\IZMLIB\IZMLIB.vcxproj", "{ABC65CD3-B307-4960-BEAD-0ED344DD1009}"
EndProject
Global
	GlobalSection(SolutionConfigurationPlatforms) = preSolution
		Debug|x64 = Debug|x64
		Debug|x86 = Debug|x86
		Release|x64 = Release|x64
		Release|x86 = Release|x86
	EndGlobalSection
	GlobalSection(ProjectConfigurationPlatforms) = postSolution
		{AFD4CDEB-0AB7-4BF4-8AF2-BFFB09308CD2}.Debug|x64.ActiveCfg = Debug|x64
		{AFD4CDEB-0AB7-4BF4-8AF2-BFFB09308CD2}.Debug|x64.Build.0 = Debug|x64
		{AFD4CDEB-0AB7-4BF4-8AF2-BFFB09308CD2}.Debug|x86.ActiveCfg = Debug|Win32
		{AFD4CDEB-0AB7-4BF4-8AF2-BFFB09308CD2}.Debug|x86.Build.0 = Debug|Win32
		{AFD4CDEB-0AB7-4BF4-8AF2-BFFB09308CD2}.Release|x64.ActiveCfg = Release|x64
		{AFD4CDEB-0AB7-4BF4-8AF2-BFFB09308CD2}.Release|x64.Build.0 = Release|x64
		{AFD4CDEB-0AB7-4BF4-8AF2-BFFB09308CD2}.Release|x86.ActiveCfg = Release|Win32
		{AFD4CDEB-0AB7-4BF4-8AF2-BFFB09308CD2}.Release|x86.Build.0 = Release|Win32
		{D2826DCA-63F5-47CC-932E-E385A62524D1}.Debug|x64.ActiveCfg = Debug|x64
		{D2826DCA-63F5-47CC-932E-E385A62524D1}.Debug|x64.Build.0 = Debug|x64
		{D2826DCA-63F5-47CC-932E-E385A62524D1}.Debug|x86.ActiveCfg = Debug|Win32
		{D2826DCA-63F5-47CC-932E-E385A62524D1}.Debug|x86.Build.0 = Debug|Win32
		{D2826DCA-63F5-47CC-932E-E385A62524D1}.Release|x64.ActiveCfg = Release|x64
		{D2826DCA-63F5-47CC-932E-E385A62524D1}.Release|x64.Build.0 = Release|x64
		{D2826DCA-63F5-47CC-932E-E385A62524D1}.Release|x86.ActiveCfg = Release|Win32
		{D2826DCA-63F5-47CC-932E-E385A62524D1}.Release|x86.Build.0 = Release|Win32
		{ABC65CD3-B307-4960-BEAD-0ED344DD1009}.Debug|x64.ActiveCfg = Debug|Win32
		{ABC65CD3-B307-4960-BEAD-0ED344DD1009}.Debug|x86.ActiveCfg = Debug|Win32
		{ABC65CD3-B307-4960-BEAD-0ED344DD1009}.Debug|x86.Build.0 = Debug|Win32
		{ABC65CD3-B307-4960-BEAD-0ED344DD1009}.Release|x64.ActiveCfg = Release|Win32
		{ABC65CD3-B307-4960-BEAD-0ED344DD1009}.Release|x86.ActiveCfg = Release|Win32
		{ABC65CD3-B307-4960-BEAD-0ED344DD1009}.Release|x86.Build.0 = Release|Win32
	EndGlobalSection
	GlobalSection(SolutionProperties) = preSolution
		HideSolutionNode = FALSE
	EndGlobalSection
	GlobalSection(NestedProjects) = preSolution
		{ABC65CD3-B307-4960-BEAD-0ED344DD1009} = {1F27DFC1-0B2B-49E0-9EEC-B8E1FADD41ED}
	EndGlobalSection
	GlobalSection(ExtensibilityGlobals) = postSolution
		SolutionGuid = {A1DE529E-18D2-418F-9774-31BF5B82334F}
	EndGlobalSection
EndGlobal
