<?xml version="1.0" encoding="utf-8"?>
<Project ToolsVersion="4.0" xmlns="http://schemas.microsoft.com/developer/msbuild/2003">
  <ItemGroup>
    <Filter Include="include">
      <UniqueIdentifier>{870bf0ad-aa50-4ca9-8573-6d30fb4ce575}</UniqueIdentifier>
    </Filter>
    <Filter Include="src">
      <UniqueIdentifier>{a7630ba3-ed60-4d02-8966-58ea9157a127}</UniqueIdentifier>
    </Filter>
  </ItemGroup>
  <ItemGroup>
    <ClInclude Include="include\foo.h">
      <Filter>include</Filter>
    </ClInclude>
  </ItemGroup>
  <ItemGroup>
    <ClCompile Include="src\foo.cpp">
      <Filter>src</Filter>
    </ClCompile>
  </ItemGroup>
</Project>