<?xml version="1.0" encoding="utf-8"?>
<Project ToolsVersion="4.0" xmlns="http://schemas.microsoft.com/developer/msbuild/2003">
  <ItemGroup>
    <Filter Include="include">
      <UniqueIdentifier>{208f8746-5596-4586-a39c-6ff50a8f82dd}</UniqueIdentifier>
    </Filter>
    <Filter Include="src">
      <UniqueIdentifier>{9c0abdb5-3a38-4154-bca8-d8c86960bcc7}</UniqueIdentifier>
    </Filter>
  </ItemGroup>
  <ItemGroup>
    <ClInclude Include="include\barlibrary.h">
      <Filter>include</Filter>
    </ClInclude>
  </ItemGroup>
  <ItemGroup>
    <ClCompile Include="src\barlibrary.cpp">
      <Filter>src</Filter>
    </ClCompile>
  </ItemGroup>
  <ItemGroup>
    <None Include="barlibrary.def" />
  </ItemGroup>
</Project>