
Microsoft Visual Studio Solution File, Format Version 12.00
# Visual Studio 15
VisualStudioVersion = 15.0.28307.705
MinimumVisualStudioVersion = 10.0.40219.1
Project("{8BC9CEB8-8B4A-11D0-8D11-00A0C91BC942}") = "FooTest", "FooTest\FooTest.vcxproj", "{56789A02-C8A6-49E2-AAE7-4485969B818A}"
EndProject
Global
	GlobalSection(SolutionConfigurationPlatforms) = preSolution
		Debug|x64 = Debug|x64
		Debug|x86 = Debug|x86
		Release|x64 = Release|x64
		Release|x86 = Release|x86
	EndGlobalSection
	GlobalSection(ProjectConfigurationPlatforms) = postSolution
		{56789A02-C8A6-49E2-AAE7-4485969B818A}.Debug|x64.ActiveCfg = Debug|x64
		{56789A02-C8A6-49E2-AAE7-4485969B818A}.Debug|x64.Build.0 = Debug|x64
		{56789A02-C8A6-49E2-AAE7-4485969B818A}.Debug|x86.ActiveCfg = Debug|Win32
		{56789A02-C8A6-49E2-AAE7-4485969B818A}.Debug|x86.Build.0 = Debug|Win32
		{56789A02-C8A6-49E2-AAE7-4485969B818A}.Release|x64.ActiveCfg = Release|x64
		{56789A02-C8A6-49E2-AAE7-4485969B818A}.Release|x64.Build.0 = Release|x64
		{56789A02-C8A6-49E2-AAE7-4485969B818A}.Release|x86.ActiveCfg = Release|Win32
		{56789A02-C8A6-49E2-AAE7-4485969B818A}.Release|x86.Build.0 = Release|Win32
	EndGlobalSection
	GlobalSection(SolutionProperties) = preSolution
		HideSolutionNode = FALSE
	EndGlobalSection
	GlobalSection(ExtensibilityGlobals) = postSolution
		SolutionGuid = {E11C9005-A9B7-4460-A598-460AC6031DB1}
	EndGlobalSection
EndGlobal
