
Microsoft Visual Studio Solution File, Format Version 12.00
# Visual Studio 15
VisualStudioVersion = 15.0.27703.2026
MinimumVisualStudioVersion = 10.0.40219.1
Project("{8BC9CEB8-8B4A-11D0-8D11-00A0C91BC942}") = "Foo", "Foo\Foo.vcxproj", "{27BC5B56-C478-4470-9E8D-3548B125FDDD}"
EndProject
Project("{8BC9CEB8-8B4A-11D0-8D11-00A0C91BC942}") = "FooLoader", "FooLoader\FooLoader.vcxproj", "{CB9CCA14-EB45-417A-B325-3CD2E6B7295F}"
EndProject
Project("{8BC9CEB8-8B4A-11D0-8D11-00A0C91BC942}") = "FooLoader2", "FooLoader2\FooLoader2.vcxproj", "{0C40706C-2ABA-4167-A48C-0AF280F7764D}"
EndProject
Project("{8BC9CEB8-8B4A-11D0-8D11-00A0C91BC942}") = "Bar", "Bar\Bar.vcxproj", "{703F463F-D840-4D9A-8D47-12636B69FDA9}"
EndProject
Project("{8BC9CEB8-8B4A-11D0-8D11-00A0C91BC942}") = "BarLoader", "BarLoader\BarLoader.vcxproj", "{398670A5-DBB6-4AC2-AB4E-7EDB243F9FF2}"
EndProject
Project("{FAE04EC0-301F-11D3-BF4B-00C04F79EFBC}") = "BarLoaderCS", "BarLoaderCS\BarLoaderCS.csproj", "{F6035ED4-4326-43C4-BC05-01946006CB69}"
	ProjectSection(ProjectDependencies) = postProject
		{703F463F-D840-4D9A-8D47-12636B69FDA9} = {703F463F-D840-4D9A-8D47-12636B69FDA9}
	EndProjectSection
EndProject
Global
	GlobalSection(SolutionConfigurationPlatforms) = preSolution
		Debug|Any CPU = Debug|Any CPU
		Debug|x64 = Debug|x64
		Debug|x86 = Debug|x86
		Release|Any CPU = Release|Any CPU
		Release|x64 = Release|x64
		Release|x86 = Release|x86
	EndGlobalSection
	GlobalSection(ProjectConfigurationPlatforms) = postSolution
		{27BC5B56-C478-4470-9E8D-3548B125FDDD}.Debug|Any CPU.ActiveCfg = Debug|Win32
		{27BC5B56-C478-4470-9E8D-3548B125FDDD}.Debug|x64.ActiveCfg = Debug|x64
		{27BC5B56-C478-4470-9E8D-3548B125FDDD}.Debug|x64.Build.0 = Debug|x64
		{27BC5B56-C478-4470-9E8D-3548B125FDDD}.Debug|x86.ActiveCfg = Debug|Win32
		{27BC5B56-C478-4470-9E8D-3548B125FDDD}.Debug|x86.Build.0 = Debug|Win32
		{27BC5B56-C478-4470-9E8D-3548B125FDDD}.Release|Any CPU.ActiveCfg = Release|Win32
		{27BC5B56-C478-4470-9E8D-3548B125FDDD}.Release|x64.ActiveCfg = Release|x64
		{27BC5B56-C478-4470-9E8D-3548B125FDDD}.Release|x64.Build.0 = Release|x64
		{27BC5B56-C478-4470-9E8D-3548B125FDDD}.Release|x86.ActiveCfg = Release|Win32
		{27BC5B56-C478-4470-9E8D-3548B125FDDD}.Release|x86.Build.0 = Release|Win32
		{CB9CCA14-EB45-417A-B325-3CD2E6B7295F}.Debug|Any CPU.ActiveCfg = Debug|Win32
		{CB9CCA14-EB45-417A-B325-3CD2E6B7295F}.Debug|x64.ActiveCfg = Debug|x64
		{CB9CCA14-EB45-417A-B325-3CD2E6B7295F}.Debug|x64.Build.0 = Debug|x64
		{CB9CCA14-EB45-417A-B325-3CD2E6B7295F}.Debug|x86.ActiveCfg = Debug|Win32
		{CB9CCA14-EB45-417A-B325-3CD2E6B7295F}.Debug|x86.Build.0 = Debug|Win32
		{CB9CCA14-EB45-417A-B325-3CD2E6B7295F}.Release|Any CPU.ActiveCfg = Release|Win32
		{CB9CCA14-EB45-417A-B325-3CD2E6B7295F}.Release|x64.ActiveCfg = Release|x64
		{CB9CCA14-EB45-417A-B325-3CD2E6B7295F}.Release|x64.Build.0 = Release|x64
		{CB9CCA14-EB45-417A-B325-3CD2E6B7295F}.Release|x86.ActiveCfg = Release|Win32
		{CB9CCA14-EB45-417A-B325-3CD2E6B7295F}.Release|x86.Build.0 = Release|Win32
		{0C40706C-2ABA-4167-A48C-0AF280F7764D}.Debug|Any CPU.ActiveCfg = Debug|Win32
		{0C40706C-2ABA-4167-A48C-0AF280F7764D}.Debug|x64.ActiveCfg = Debug|x64
		{0C40706C-2ABA-4167-A48C-0AF280F7764D}.Debug|x64.Build.0 = Debug|x64
		{0C40706C-2ABA-4167-A48C-0AF280F7764D}.Debug|x86.ActiveCfg = Debug|Win32
		{0C40706C-2ABA-4167-A48C-0AF280F7764D}.Debug|x86.Build.0 = Debug|Win32
		{0C40706C-2ABA-4167-A48C-0AF280F7764D}.Release|Any CPU.ActiveCfg = Release|Win32
		{0C40706C-2ABA-4167-A48C-0AF280F7764D}.Release|x64.ActiveCfg = Release|x64
		{0C40706C-2ABA-4167-A48C-0AF280F7764D}.Release|x64.Build.0 = Release|x64
		{0C40706C-2ABA-4167-A48C-0AF280F7764D}.Release|x86.ActiveCfg = Release|Win32
		{0C40706C-2ABA-4167-A48C-0AF280F7764D}.Release|x86.Build.0 = Release|Win32
		{703F463F-D840-4D9A-8D47-12636B69FDA9}.Debug|Any CPU.ActiveCfg = Debug|Win32
		{703F463F-D840-4D9A-8D47-12636B69FDA9}.Debug|x64.ActiveCfg = Debug|x64
		{703F463F-D840-4D9A-8D47-12636B69FDA9}.Debug|x64.Build.0 = Debug|x64
		{703F463F-D840-4D9A-8D47-12636B69FDA9}.Debug|x86.ActiveCfg = Debug|Win32
		{703F463F-D840-4D9A-8D47-12636B69FDA9}.Debug|x86.Build.0 = Debug|Win32
		{703F463F-D840-4D9A-8D47-12636B69FDA9}.Release|Any CPU.ActiveCfg = Release|Win32
		{703F463F-D840-4D9A-8D47-12636B69FDA9}.Release|x64.ActiveCfg = Release|x64
		{703F463F-D840-4D9A-8D47-12636B69FDA9}.Release|x64.Build.0 = Release|x64
		{703F463F-D840-4D9A-8D47-12636B69FDA9}.Release|x86.ActiveCfg = Release|Win32
		{703F463F-D840-4D9A-8D47-12636B69FDA9}.Release|x86.Build.0 = Release|Win32
		{398670A5-DBB6-4AC2-AB4E-7EDB243F9FF2}.Debug|Any CPU.ActiveCfg = Debug|Win32
		{398670A5-DBB6-4AC2-AB4E-7EDB243F9FF2}.Debug|x64.ActiveCfg = Debug|x64
		{398670A5-DBB6-4AC2-AB4E-7EDB243F9FF2}.Debug|x64.Build.0 = Debug|x64
		{398670A5-DBB6-4AC2-AB4E-7EDB243F9FF2}.Debug|x86.ActiveCfg = Debug|Win32
		{398670A5-DBB6-4AC2-AB4E-7EDB243F9FF2}.Debug|x86.Build.0 = Debug|Win32
		{398670A5-DBB6-4AC2-AB4E-7EDB243F9FF2}.Release|Any CPU.ActiveCfg = Release|Win32
		{398670A5-DBB6-4AC2-AB4E-7EDB243F9FF2}.Release|x64.ActiveCfg = Release|x64
		{398670A5-DBB6-4AC2-AB4E-7EDB243F9FF2}.Release|x64.Build.0 = Release|x64
		{398670A5-DBB6-4AC2-AB4E-7EDB243F9FF2}.Release|x86.ActiveCfg = Release|Win32
		{398670A5-DBB6-4AC2-AB4E-7EDB243F9FF2}.Release|x86.Build.0 = Release|Win32
		{F6035ED4-4326-43C4-BC05-01946006CB69}.Debug|Any CPU.ActiveCfg = Debug|Any CPU
		{F6035ED4-4326-43C4-BC05-01946006CB69}.Debug|Any CPU.Build.0 = Debug|Any CPU
		{F6035ED4-4326-43C4-BC05-01946006CB69}.Debug|x64.ActiveCfg = Debug|Any CPU
		{F6035ED4-4326-43C4-BC05-01946006CB69}.Debug|x64.Build.0 = Debug|Any CPU
		{F6035ED4-4326-43C4-BC05-01946006CB69}.Debug|x86.ActiveCfg = Debug|Any CPU
		{F6035ED4-4326-43C4-BC05-01946006CB69}.Debug|x86.Build.0 = Debug|Any CPU
		{F6035ED4-4326-43C4-BC05-01946006CB69}.Release|Any CPU.ActiveCfg = Release|Any CPU
		{F6035ED4-4326-43C4-BC05-01946006CB69}.Release|Any CPU.Build.0 = Release|Any CPU
		{F6035ED4-4326-43C4-BC05-01946006CB69}.Release|x64.ActiveCfg = Release|Any CPU
		{F6035ED4-4326-43C4-BC05-01946006CB69}.Release|x64.Build.0 = Release|Any CPU
		{F6035ED4-4326-43C4-BC05-01946006CB69}.Release|x86.ActiveCfg = Release|Any CPU
		{F6035ED4-4326-43C4-BC05-01946006CB69}.Release|x86.Build.0 = Release|Any CPU
	EndGlobalSection
	GlobalSection(SolutionProperties) = preSolution
		HideSolutionNode = FALSE
	EndGlobalSection
	GlobalSection(ExtensibilityGlobals) = postSolution
		SolutionGuid = {F3F4B92C-F046-4A70-8445-A02FB271476F}
	EndGlobalSection
EndGlobal
