<?xml version="1.0" encoding="utf-8"?>
<Project ToolsVersion="4.0" xmlns="http://schemas.microsoft.com/developer/msbuild/2003">
  <ItemGroup>
    <Filter Include="src">
      <UniqueIdentifier>{fc067044-45ab-4b79-8c9c-9448463077b0}</UniqueIdentifier>
    </Filter>
    <Filter Include="src\literals">
      <UniqueIdentifier>{78dd26b1-ace6-4120-881e-1d85c83b7445}</UniqueIdentifier>
    </Filter>
    <Filter Include="src\dbg">
      <UniqueIdentifier>{6b6b8182-68a0-46d0-b2f8-1466f6064980}</UniqueIdentifier>
    </Filter>
  </ItemGroup>
  <ItemGroup>
    <ClCompile Include="src\inifilemanager.cpp">
      <Filter>src</Filter>
    </ClCompile>
    <ClCompile Include="src\inifilemanagerimpl.cpp">
      <Filter>src</Filter>
    </ClCompile>
    <ClCompile Include="src\rstring.cpp">
      <Filter>src</Filter>
    </ClCompile>
    <ClCompile Include="src\simpledllloaderwin.cpp">
      <Filter>src</Filter>
    </ClCompile>
    <ClCompile Include="src\util.cpp">
      <Filter>src</Filter>
    </ClCompile>
  </ItemGroup>
  <ItemGroup>
    <ClInclude Include="src\inifilemanager.h">
      <Filter>src</Filter>
    </ClInclude>
    <ClInclude Include="src\inifilemanagerimpl.h">
      <Filter>src</Filter>
    </ClInclude>
    <ClInclude Include="src\rstring.h">
      <Filter>src</Filter>
    </ClInclude>
    <ClInclude Include="src\simpledllloaderwin.h">
      <Filter>src</Filter>
    </ClInclude>
    <ClInclude Include="src\util.h">
      <Filter>src</Filter>
    </ClInclude>
    <ClInclude Include="src\literals\angleliterals.h">
      <Filter>src\literals</Filter>
    </ClInclude>
    <ClInclude Include="src\literals\lengthliterals.h">
      <Filter>src\literals</Filter>
    </ClInclude>
    <ClInclude Include="src\literals\literals.h">
      <Filter>src\literals</Filter>
    </ClInclude>
    <ClInclude Include="src\dbg\debugstream.h">
      <Filter>src\dbg</Filter>
    </ClInclude>
    <ClInclude Include="src\dbg\dsmanipulator.h">
      <Filter>src\dbg</Filter>
    </ClInclude>
    <ClInclude Include="src\enummap.h">
      <Filter>src</Filter>
    </ClInclude>
  </ItemGroup>
</Project>